
Microsoft Visual Studio Solution File, Format Version 12.00
# Visual Studio Version 16
VisualStudioVersion = 16.0.28803.202
MinimumVisualStudioVersion = 10.0.40219.1
Project("{FAE04EC0-301F-11D3-BF4B-00C04F79EFBC}") = "SecretProject", "SecretProject\SecretProject.csproj", "{B6AE5219-2697-45B8-A6A9-3CC16BACA45B}"
EndProject
Global
	GlobalSection(SolutionConfigurationPlatforms) = preSolution
		Debug|Any CPU = Debug|Any CPU
		Release|Any CPU = Release|Any CPU
	EndGlobalSection
	GlobalSection(ProjectConfigurationPlatforms) = postSolution
		{B6AE5219-2697-45B8-A6A9-3CC16BACA45B}.Debug|Any CPU.ActiveCfg = Debug|Any CPU
		{B6AE5219-2697-45B8-A6A9-3CC16BACA45B}.Debug|Any CPU.Build.0 = Debug|Any CPU
		{B6AE5219-2697-45B8-A6A9-3CC16BACA45B}.Release|Any CPU.ActiveCfg = Release|Any CPU
		{B6AE5219-2697-45B8-A6A9-3CC16BACA45B}.Release|Any CPU.Build.0 = Release|Any CPU
	EndGlobalSection
	GlobalSection(SolutionProperties) = preSolution
		HideSolutionNode = FALSE
	EndGlobalSection
	GlobalSection(ExtensibilityGlobals) = postSolution
		SolutionGuid = {37735E3D-A863-404F-A1AA-359441B0F355}
	EndGlobalSection
EndGlobal
